// !$*UTF8*$!
{
	archiveVersion = 1;
	classes = {
	};
	objectVersion = 46;
	objects = {

/* Begin PBXBuildFile section */
		5B4FB59A16F20D40007ED085 /* main.c in Sources */ = {isa = PBXBuildFile; fileRef = 5B4FB59916F20D40007ED085 /* main.c */; };
		5B4FB59C16F20D40007ED085 /* Stats_Analysis.1 in CopyFiles */ = {isa = PBXBuildFile; fileRef = 5B4FB59B16F20D40007ED085 /* Stats_Analysis.1 */; };
/* End PBXBuildFile section */

/* Begin PBXCopyFilesBuildPhase section */
		5B4FB59316F20D40007ED085 /* CopyFiles */ = {
			isa = PBXCopyFilesBuildPhase;
			buildActionMask = 2147483647;
			dstPath = /usr/share/man/man1/;
			dstSubfolderSpec = 0;
			files = (
				5B4FB59C16F20D40007ED085 /* Stats_Analysis.1 in CopyFiles */,
			);
			runOnlyForDeploymentPostprocessing = 1;
		};
/* End PBXCopyFilesBuildPhase section */

/* Begin PBXFileReference section */
		5B4FB59516F20D40007ED085 /* Stats Analysis */ = {isa = PBXFileReference; explicitFileType = "compiled.mach-o.executable"; includeInIndex = 0; path = "Stats Analysis"; sourceTree = BUILT_PRODUCTS_DIR; };
		5B4FB59916F20D40007ED085 /* main.c */ = {isa = PBXFileReference; lastKnownFileType = sourcecode.c.c; path = main.c; sourceTree = "<group>"; };
		5B4FB59B16F20D40007ED085 /* Stats_Analysis.1 */ = {isa = PBXFileReference; lastKnownFileType = text.man; path = Stats_Analysis.1; sourceTree = "<group>"; };
		5BACC41716F25D3900F26B94 /* main.h */ = {isa = PBXFileReference; fileEncoding = 4; lastKnownFileType = sourcecode.c.h; path = main.h; sourceTree = "<group>"; };
		5BACC41916F2625300F26B94 /* printing.h */ = {isa = PBXFileReference; fileEncoding = 4; lastKnownFileType = sourcecode.c.h; path = printing.h; sourceTree = "<group>"; };
		5BACC41A16F262E400F26B94 /* data.h */ = {isa = PBXFileReference; fileEncoding = 4; lastKnownFileType = sourcecode.c.h; path = data.h; sourceTree = "<group>"; };
/* End PBXFileReference section */

/* Begin PBXFrameworksBuildPhase section */
		5B4FB59216F20D40007ED085 /* Frameworks */ = {
			isa = PBXFrameworksBuildPhase;
			buildActionMask = 2147483647;
			files = (
			);
			runOnlyForDeploymentPostprocessing = 0;
		};
/* End PBXFrameworksBuildPhase section */

/* Begin PBXGroup section */
		5B4FB58A16F20D40007ED085 = {
			isa = PBXGroup;
			children = (
				5B4FB59816F20D40007ED085 /* Stats Analysis */,
				5B4FB59616F20D40007ED085 /* Products */,
			);
			sourceTree = "<group>";
		};
		5B4FB59616F20D40007ED085 /* Products */ = {
			isa = PBXGroup;
			children = (
				5B4FB59516F20D40007ED085 /* Stats Analysis */,
			);
			name = Products;
			sourceTree = "<group>";
		};
		5B4FB59816F20D40007ED085 /* Stats Analysis */ = {
			isa = PBXGroup;
			children = (
				5B4FB59916F20D40007ED085 /* main.c */,
				5B4FB59B16F20D40007ED085 /* Stats_Analysis.1 */,
				5BACC41716F25D3900F26B94 /* main.h */,
				5BACC41916F2625300F26B94 /* printing.h */,
				5BACC41A16F262E400F26B94 /* data.h */,
			);
			path = "Stats Analysis";
			sourceTree = "<group>";
		};
/* End PBXGroup section */

/* Begin PBXNativeTarget section */
		5B4FB59416F20D40007ED085 /* Stats Analysis */ = {
			isa = PBXNativeTarget;
			buildConfigurationList = 5B4FB59F16F20D40007ED085 /* Build configuration list for PBXNativeTarget "Stats Analysis" */;
			buildPhases = (
				5B4FB59116F20D40007ED085 /* Sources */,
				5B4FB59216F20D40007ED085 /* Frameworks */,
				5B4FB59316F20D40007ED085 /* CopyFiles */,
			);
			buildRules = (
			);
			dependencies = (
			);
			name = "Stats Analysis";
			productName = "Stats Analysis";
			productReference = 5B4FB59516F20D40007ED085 /* Stats Analysis */;
			productType = "com.apple.product-type.tool";
		};
/* End PBXNativeTarget section */

/* Begin PBXProject section */
		5B4FB58C16F20D40007ED085 /* Project object */ = {
			isa = PBXProject;
			attributes = {
				LastUpgradeCheck = 0420;
			};
			buildConfigurationList = 5B4FB58F16F20D40007ED085 /* Build configuration list for PBXProject "Stats Analysis" */;
			compatibilityVersion = "Xcode 3.2";
			developmentRegion = English;
			hasScannedForEncodings = 0;
			knownRegions = (
				en,
			);
			mainGroup = 5B4FB58A16F20D40007ED085;
			productRefGroup = 5B4FB59616F20D40007ED085 /* Products */;
			projectDirPath = "";
			projectRoot = "";
			targets = (
				5B4FB59416F20D40007ED085 /* Stats Analysis */,
			);
		};
/* End PBXProject section */

/* Begin PBXSourcesBuildPhase section */
		5B4FB59116F20D40007ED085 /* Sources */ = {
			isa = PBXSourcesBuildPhase;
			buildActionMask = 2147483647;
			files = (
				5B4FB59A16F20D40007ED085 /* main.c in Sources */,
			);
			runOnlyForDeploymentPostprocessing = 0;
		};
/* End PBXSourcesBuildPhase section */

/* Begin XCBuildConfiguration section */
		5B4FB59D16F20D40007ED085 /* Debug */ = {
			isa = XCBuildConfiguration;
			buildSettings = {
				ALWAYS_SEARCH_USER_PATHS = NO;
				ARCHS = "$(ARCHS_STANDARD_64_BIT)";
				COPY_PHASE_STRIP = NO;
				GCC_C_LANGUAGE_STANDARD = gnu99;
				GCC_DYNAMIC_NO_PIC = NO;
				GCC_ENABLE_OBJC_EXCEPTIONS = YES;
				GCC_OPTIMIZATION_LEVEL = 0;
				GCC_PREPROCESSOR_DEFINITIONS = (
					"DEBUG=1",
					"$(inherited)",
				);
				GCC_SYMBOLS_PRIVATE_EXTERN = NO;
				GCC_VERSION = com.apple.compilers.llvm.clang.1_0;
				GCC_WARN_64_TO_32_BIT_CONVERSION = YES;
				GCC_WARN_ABOUT_MISSING_PROTOTYPES = YES;
				GCC_WARN_ABOUT_RETURN_TYPE = YES;
				GCC_WARN_UNUSED_VARIABLE = YES;
				MACOSX_DEPLOYMENT_TARGET = 10.6;
				ONLY_ACTIVE_ARCH = YES;
				SDKROOT = macosx;
			};
			name = Debug;
		};
		5B4FB59E16F20D40007ED085 /* Release */ = {
			isa = XCBuildConfiguration;
			buildSettings = {
				ALWAYS_SEARCH_USER_PATHS = NO;
				ARCHS = "$(ARCHS_STANDARD_64_BIT)";
				COPY_PHASE_STRIP = YES;
				DEBUG_INFORMATION_FORMAT = "dwarf-with-dsym";
				GCC_C_LANGUAGE_STANDARD = gnu99;
				GCC_ENABLE_OBJC_EXCEPTIONS = YES;
				GCC_VERSION = com.apple.compilers.llvm.clang.1_0;
				GCC_WARN_64_TO_32_BIT_CONVERSION = YES;
				GCC_WARN_ABOUT_MISSING_PROTOTYPES = YES;
				GCC_WARN_ABOUT_RETURN_TYPE = YES;
				GCC_WARN_UNUSED_VARIABLE = YES;
				MACOSX_DEPLOYMENT_TARGET = 10.6;
				SDKROOT = macosx;
			};
			name = Release;
		};
		5B4FB5A016F20D40007ED085 /* Debug */ = {
			isa = XCBuildConfiguration;
			buildSettings = {
				PRODUCT_NAME = "$(TARGET_NAME)";
			};
			name = Debug;
		};
		5B4FB5A116F20D40007ED085 /* Release */ = {
			isa = XCBuildConfiguration;
			buildSettings = {
				PRODUCT_NAME = "$(TARGET_NAME)";
			};
			name = Release;
		};
/* End XCBuildConfiguration section */

/* Begin XCConfigurationList section */
		5B4FB58F16F20D40007ED085 /* Build configuration list for PBXProject "Stats Analysis" */ = {
			isa = XCConfigurationList;
			buildConfigurations = (
				5B4FB59D16F20D40007ED085 /* Debug */,
				5B4FB59E16F20D40007ED085 /* Release */,
			);
			defaultConfigurationIsVisible = 0;
			defaultConfigurationName = Release;
		};
		5B4FB59F16F20D40007ED085 /* Build configuration list for PBXNativeTarget "Stats Analysis" */ = {
			isa = XCConfigurationList;
			buildConfigurations = (
				5B4FB5A016F20D40007ED085 /* Debug */,
				5B4FB5A116F20D40007ED085 /* Release */,
			);
			defaultConfigurationIsVisible = 0;
			defaultConfigurationName = Release;
		};
/* End XCConfigurationList section */
	};
	rootObject = 5B4FB58C16F20D40007ED085 /* Project object */;
}
