// !$*UTF8*$!
{
	archiveVersion = 1;
	classes = {
	};
	objectVersion = 46;
	objects = {

/* Begin PBXBuildFile section */
		5B8B1B4E17012425001D5B99 /* libpthread.dylib in Frameworks */ = {isa = PBXBuildFile; fileRef = 5B8B1B4D17012425001D5B99 /* libpthread.dylib */; };
		5BA159491700154500884196 /* test.c in Sources */ = {isa = PBXBuildFile; fileRef = 5BA159481700154500884196 /* test.c */; };
		5BA3FDD016F99400004023F6 /* data.c in Sources */ = {isa = PBXBuildFile; fileRef = 5BA3FDCB16F99400004023F6 /* data.c */; };
		5BA3FDD116F99400004023F6 /* main.c in Sources */ = {isa = PBXBuildFile; fileRef = 5BA3FDCC16F99400004023F6 /* main.c */; };
		5BA3FDD216F99400004023F6 /* random.c in Sources */ = {isa = PBXBuildFile; fileRef = 5BA3FDCE16F99400004023F6 /* random.c */; };
		5BA3FDD316F99400004023F6 /* write.c in Sources */ = {isa = PBXBuildFile; fileRef = 5BA3FDCF16F99400004023F6 /* write.c */; };
		5BA9AEF316FE2AC7002F3C5E /* normal.c in Sources */ = {isa = PBXBuildFile; fileRef = 5BA9AEF216FE2AC7002F3C5E /* normal.c */; };
/* End PBXBuildFile section */

/* Begin PBXCopyFilesBuildPhase section */
		5B4FB59316F20D40007ED085 /* Copy Files */ = {
			isa = PBXCopyFilesBuildPhase;
			buildActionMask = 2147483647;
			dstPath = /usr/share/man/man1/;
			dstSubfolderSpec = 0;
			files = (
			);
			name = "Copy Files";
			runOnlyForDeploymentPostprocessing = 1;
		};
/* End PBXCopyFilesBuildPhase section */

/* Begin PBXFileReference section */
		5B23E43816F994B5003CFF62 /* Stats_Analysis.1 */ = {isa = PBXFileReference; fileEncoding = 4; lastKnownFileType = text.man; name = Stats_Analysis.1; path = ../../source/Stats_Analysis.1; sourceTree = "<group>"; };
		5B4FB59516F20D40007ED085 /* Stats Analysis */ = {isa = PBXFileReference; explicitFileType = "compiled.mach-o.executable"; includeInIndex = 0; path = "Stats Analysis"; sourceTree = BUILT_PRODUCTS_DIR; };
		5B8B1B4D17012425001D5B99 /* libpthread.dylib */ = {isa = PBXFileReference; lastKnownFileType = "compiled.mach-o.dylib"; name = libpthread.dylib; path = usr/lib/libpthread.dylib; sourceTree = SDKROOT; };
		5B8B1B4F170125AC001D5B99 /* tdist.h */ = {isa = PBXFileReference; fileEncoding = 4; lastKnownFileType = sourcecode.c.h; name = tdist.h; path = ../../source/tdist.h; sourceTree = "<group>"; };
		5BA159481700154500884196 /* test.c */ = {isa = PBXFileReference; fileEncoding = 4; lastKnownFileType = sourcecode.c.c; name = test.c; path = ../../source/test.c; sourceTree = "<group>"; };
		5BA3FDCB16F99400004023F6 /* data.c */ = {isa = PBXFileReference; fileEncoding = 4; lastKnownFileType = sourcecode.c.c; name = data.c; path = ../../source/data.c; sourceTree = "<group>"; };
		5BA3FDCC16F99400004023F6 /* main.c */ = {isa = PBXFileReference; fileEncoding = 4; lastKnownFileType = sourcecode.c.c; name = main.c; path = ../../source/main.c; sourceTree = "<group>"; };
		5BA3FDCD16F99400004023F6 /* main.h */ = {isa = PBXFileReference; fileEncoding = 4; lastKnownFileType = sourcecode.c.h; name = main.h; path = ../../source/main.h; sourceTree = "<group>"; };
		5BA3FDCE16F99400004023F6 /* random.c */ = {isa = PBXFileReference; fileEncoding = 4; lastKnownFileType = sourcecode.c.c; name = random.c; path = ../../source/random.c; sourceTree = "<group>"; };
		5BA3FDCF16F99400004023F6 /* write.c */ = {isa = PBXFileReference; fileEncoding = 4; lastKnownFileType = sourcecode.c.c; name = write.c; path = ../../source/write.c; sourceTree = "<group>"; };
		5BA9AEF216FE2AC7002F3C5E /* normal.c */ = {isa = PBXFileReference; fileEncoding = 4; lastKnownFileType = sourcecode.c.c; name = normal.c; path = ../../source/normal.c; sourceTree = "<group>"; };
/* End PBXFileReference section */

/* Begin PBXFrameworksBuildPhase section */
		5B4FB59216F20D40007ED085 /* Frameworks */ = {
			isa = PBXFrameworksBuildPhase;
			buildActionMask = 2147483647;
			files = (
				5B8B1B4E17012425001D5B99 /* libpthread.dylib in Frameworks */,
			);
			runOnlyForDeploymentPostprocessing = 0;
		};
/* End PBXFrameworksBuildPhase section */

/* Begin PBXGroup section */
		5B4FB58A16F20D40007ED085 = {
			isa = PBXGroup;
			children = (
				5B8B1B4D17012425001D5B99 /* libpthread.dylib */,
				5BCEB43316F288AF00C6B7C0 /* Extra */,
				5B4FB59816F20D40007ED085 /* Stats Analysis */,
				5B4FB59616F20D40007ED085 /* Products */,
			);
			sourceTree = "<group>";
		};
		5B4FB59616F20D40007ED085 /* Products */ = {
			isa = PBXGroup;
			children = (
				5B4FB59516F20D40007ED085 /* Stats Analysis */,
			);
			name = Products;
			sourceTree = "<group>";
		};
		5B4FB59816F20D40007ED085 /* Stats Analysis */ = {
			isa = PBXGroup;
			children = (
				5BA9AEF216FE2AC7002F3C5E /* normal.c */,
				5BA3FDCB16F99400004023F6 /* data.c */,
				5BA3FDCC16F99400004023F6 /* main.c */,
				5BA3FDCD16F99400004023F6 /* main.h */,
				5BA3FDCE16F99400004023F6 /* random.c */,
				5BA3FDCF16F99400004023F6 /* write.c */,
				5BA159481700154500884196 /* test.c */,
				5B8B1B4F170125AC001D5B99 /* tdist.h */,
			);
			name = "Stats Analysis";
			sourceTree = "<group>";
		};
		5BCEB43316F288AF00C6B7C0 /* Extra */ = {
			isa = PBXGroup;
			children = (
				5B23E43816F994B5003CFF62 /* Stats_Analysis.1 */,
			);
			name = Extra;
			sourceTree = "<group>";
		};
/* End PBXGroup section */

/* Begin PBXNativeTarget section */
		5B4FB59416F20D40007ED085 /* Stats Analysis */ = {
			isa = PBXNativeTarget;
			buildConfigurationList = 5B4FB59F16F20D40007ED085 /* Build configuration list for PBXNativeTarget "Stats Analysis" */;
			buildPhases = (
				5B4FB59116F20D40007ED085 /* Sources */,
				5B4FB59216F20D40007ED085 /* Frameworks */,
				5B4FB59316F20D40007ED085 /* Copy Files */,
			);
			buildRules = (
			);
			dependencies = (
			);
			name = "Stats Analysis";
			productName = "Stats Analysis";
			productReference = 5B4FB59516F20D40007ED085 /* Stats Analysis */;
			productType = "com.apple.product-type.tool";
		};
/* End PBXNativeTarget section */

/* Begin PBXProject section */
		5B4FB58C16F20D40007ED085 /* Project object */ = {
			isa = PBXProject;
			attributes = {
				LastUpgradeCheck = 0420;
			};
			buildConfigurationList = 5B4FB58F16F20D40007ED085 /* Build configuration list for PBXProject "Stats Analysis" */;
			compatibilityVersion = "Xcode 3.2";
			developmentRegion = English;
			hasScannedForEncodings = 0;
			knownRegions = (
				en,
			);
			mainGroup = 5B4FB58A16F20D40007ED085;
			productRefGroup = 5B4FB59616F20D40007ED085 /* Products */;
			projectDirPath = "";
			projectRoot = "";
			targets = (
				5B4FB59416F20D40007ED085 /* Stats Analysis */,
			);
		};
/* End PBXProject section */

/* Begin PBXSourcesBuildPhase section */
		5B4FB59116F20D40007ED085 /* Sources */ = {
			isa = PBXSourcesBuildPhase;
			buildActionMask = 2147483647;
			files = (
				5BA3FDD016F99400004023F6 /* data.c in Sources */,
				5BA3FDD116F99400004023F6 /* main.c in Sources */,
				5BA3FDD216F99400004023F6 /* random.c in Sources */,
				5BA3FDD316F99400004023F6 /* write.c in Sources */,
				5BA9AEF316FE2AC7002F3C5E /* normal.c in Sources */,
				5BA159491700154500884196 /* test.c in Sources */,
			);
			runOnlyForDeploymentPostprocessing = 0;
		};
/* End PBXSourcesBuildPhase section */

/* Begin XCBuildConfiguration section */
		5B4FB59D16F20D40007ED085 /* Debug */ = {
			isa = XCBuildConfiguration;
			buildSettings = {
				ALWAYS_SEARCH_USER_PATHS = NO;
				ARCHS = "$(ARCHS_STANDARD_64_BIT)";
				COPY_PHASE_STRIP = NO;
				DEBUG_INFORMATION_FORMAT = stabs;
				GCC_C_LANGUAGE_STANDARD = gnu99;
				GCC_DYNAMIC_NO_PIC = NO;
				GCC_ENABLE_OBJC_EXCEPTIONS = YES;
				GCC_OPTIMIZATION_LEVEL = 0;
				GCC_PREPROCESSOR_DEFINITIONS = (
					"DEBUG=1",
					"$(inherited)",
				);
				GCC_SYMBOLS_PRIVATE_EXTERN = NO;
				GCC_VERSION = com.apple.compilers.llvmgcc42;
				GCC_WARN_64_TO_32_BIT_CONVERSION = YES;
				GCC_WARN_ABOUT_MISSING_PROTOTYPES = YES;
				GCC_WARN_ABOUT_RETURN_TYPE = YES;
				GCC_WARN_UNUSED_VARIABLE = YES;
				MACOSX_DEPLOYMENT_TARGET = 10.6;
				ONLY_ACTIVE_ARCH = YES;
				SDKROOT = macosx;
			};
			name = Debug;
		};
		5B4FB59E16F20D40007ED085 /* Release */ = {
			isa = XCBuildConfiguration;
			buildSettings = {
				ALWAYS_SEARCH_USER_PATHS = NO;
				ARCHS = "$(ARCHS_STANDARD_64_BIT)";
				COPY_PHASE_STRIP = YES;
				DEBUG_INFORMATION_FORMAT = stabs;
				GCC_C_LANGUAGE_STANDARD = gnu99;
				GCC_ENABLE_OBJC_EXCEPTIONS = YES;
				GCC_VERSION = com.apple.compilers.llvmgcc42;
				GCC_WARN_64_TO_32_BIT_CONVERSION = YES;
				GCC_WARN_ABOUT_MISSING_PROTOTYPES = YES;
				GCC_WARN_ABOUT_RETURN_TYPE = YES;
				GCC_WARN_UNUSED_VARIABLE = YES;
				MACOSX_DEPLOYMENT_TARGET = 10.6;
				SDKROOT = macosx;
			};
			name = Release;
		};
		5B4FB5A016F20D40007ED085 /* Debug */ = {
			isa = XCBuildConfiguration;
			buildSettings = {
				CONFIGURATION_BUILD_DIR = "../../build/Mac OS X Binaries/$(CONFIGURATION)$(EFFECTIVE_PLATFORM_NAME)";
				INFOPLIST_FILE = "";
				PRODUCT_NAME = "$(TARGET_NAME)";
			};
			name = Debug;
		};
		5B4FB5A116F20D40007ED085 /* Release */ = {
			isa = XCBuildConfiguration;
			buildSettings = {
				CONFIGURATION_BUILD_DIR = "../../build/Mac OS X Binaries/$(CONFIGURATION)$(EFFECTIVE_PLATFORM_NAME)";
				INFOPLIST_FILE = "";
				PRODUCT_NAME = "$(TARGET_NAME)";
			};
			name = Release;
		};
/* End XCBuildConfiguration section */

/* Begin XCConfigurationList section */
		5B4FB58F16F20D40007ED085 /* Build configuration list for PBXProject "Stats Analysis" */ = {
			isa = XCConfigurationList;
			buildConfigurations = (
				5B4FB59D16F20D40007ED085 /* Debug */,
				5B4FB59E16F20D40007ED085 /* Release */,
			);
			defaultConfigurationIsVisible = 0;
			defaultConfigurationName = Release;
		};
		5B4FB59F16F20D40007ED085 /* Build configuration list for PBXNativeTarget "Stats Analysis" */ = {
			isa = XCConfigurationList;
			buildConfigurations = (
				5B4FB5A016F20D40007ED085 /* Debug */,
				5B4FB5A116F20D40007ED085 /* Release */,
			);
			defaultConfigurationIsVisible = 0;
			defaultConfigurationName = Release;
		};
/* End XCConfigurationList section */
	};
	rootObject = 5B4FB58C16F20D40007ED085 /* Project object */;
}
